
Microsoft Visual Studio Solution File, Format Version 12.00
# Visual Studio Version 17
VisualStudioVersion = 17.0.31903.59
MinimumVisualStudioVersion = 10.0.40219.1
Project("{9A19103F-16F7-4668-BE54-9A1E7A4F7556}") = "Builder", "Builder\Builder.csproj", "{1B3B5177-C3C7-4DC5-BE17-F76ACC0E6E27}"
EndProject
Project("{9A19103F-16F7-4668-BE54-9A1E7A4F7556}") = "Decorator", "Decorator\Decorator.csproj", "{3F22A151-3569-48BB-904A-564248C0FF2A}"
EndProject
Project("{9A19103F-16F7-4668-BE54-9A1E7A4F7556}") = "FactoryMethod", "FactoryMethod\FactoryMethod.csproj", "{3AFD802B-DBD8-493C-A2FF-EC9CD84D1D10}"
EndProject
Project("{9A19103F-16F7-4668-BE54-9A1E7A4F7556}") = "Singleton", "Singleton\Singleton.csproj", "{C08DB86C-7A80-42B5-9DB2-382F932F8ED0}"
EndProject
Project("{9A19103F-16F7-4668-BE54-9A1E7A4F7556}") = "Observer", "Observer\Observer.csproj", "{FA67FBBF-932A-421E-AC4E-3301E51D78D4}"
EndProject
Project("{9A19103F-16F7-4668-BE54-9A1E7A4F7556}") = "Command", "Command\Command.csproj", "{3AF2F479-E93F-4AD1-B96F-333F7DD949FD}"
EndProject
Project("{9A19103F-16F7-4668-BE54-9A1E7A4F7556}") = "Iterator", "Iterator\Iterator.csproj", "{F4B146DD-847F-4A4F-833F-A73E8990B4E1}"
EndProject
Project("{9A19103F-16F7-4668-BE54-9A1E7A4F7556}") = "Strategy", "Strategy\Strategy.csproj", "{E73CD77A-5CE7-41E6-9978-12CD1AD99274}"
EndProject
Project("{9A19103F-16F7-4668-BE54-9A1E7A4F7556}") = "ChainOfResponsability", "ChainOfResponsability\ChainOfResponsability.csproj", "{14C522DC-81F0-46D5-9371-1C0A7933B6FE}"
EndProject
Project("{9A19103F-16F7-4668-BE54-9A1E7A4F7556}") = "Proxy", "Proxy\Proxy.csproj", "{03FA1355-FEFD-44EC-B23F-985BFDB42F5D}"
EndProject
Project("{FAE04EC0-301F-11D3-BF4B-00C04F79EFBC}") = "AbstractFactory", "AbstractFactory\AbstractFactory.csproj", "{D9E9AC46-85E1-4754-84C2-1A51835FFF21}"
EndProject
Global
	GlobalSection(SolutionConfigurationPlatforms) = preSolution
		Debug|Any CPU = Debug|Any CPU
		Release|Any CPU = Release|Any CPU
	EndGlobalSection
	GlobalSection(ProjectConfigurationPlatforms) = postSolution
		{1B3B5177-C3C7-4DC5-BE17-F76ACC0E6E27}.Debug|Any CPU.ActiveCfg = Debug|Any CPU
		{1B3B5177-C3C7-4DC5-BE17-F76ACC0E6E27}.Debug|Any CPU.Build.0 = Debug|Any CPU
		{1B3B5177-C3C7-4DC5-BE17-F76ACC0E6E27}.Release|Any CPU.ActiveCfg = Release|Any CPU
		{1B3B5177-C3C7-4DC5-BE17-F76ACC0E6E27}.Release|Any CPU.Build.0 = Release|Any CPU
		{3F22A151-3569-48BB-904A-564248C0FF2A}.Debug|Any CPU.ActiveCfg = Debug|Any CPU
		{3F22A151-3569-48BB-904A-564248C0FF2A}.Debug|Any CPU.Build.0 = Debug|Any CPU
		{3F22A151-3569-48BB-904A-564248C0FF2A}.Release|Any CPU.ActiveCfg = Release|Any CPU
		{3F22A151-3569-48BB-904A-564248C0FF2A}.Release|Any CPU.Build.0 = Release|Any CPU
		{3AFD802B-DBD8-493C-A2FF-EC9CD84D1D10}.Debug|Any CPU.ActiveCfg = Debug|Any CPU
		{3AFD802B-DBD8-493C-A2FF-EC9CD84D1D10}.Debug|Any CPU.Build.0 = Debug|Any CPU
		{3AFD802B-DBD8-493C-A2FF-EC9CD84D1D10}.Release|Any CPU.ActiveCfg = Release|Any CPU
		{3AFD802B-DBD8-493C-A2FF-EC9CD84D1D10}.Release|Any CPU.Build.0 = Release|Any CPU
		{C08DB86C-7A80-42B5-9DB2-382F932F8ED0}.Debug|Any CPU.ActiveCfg = Debug|Any CPU
		{C08DB86C-7A80-42B5-9DB2-382F932F8ED0}.Debug|Any CPU.Build.0 = Debug|Any CPU
		{C08DB86C-7A80-42B5-9DB2-382F932F8ED0}.Release|Any CPU.ActiveCfg = Release|Any CPU
		{C08DB86C-7A80-42B5-9DB2-382F932F8ED0}.Release|Any CPU.Build.0 = Release|Any CPU
		{FA67FBBF-932A-421E-AC4E-3301E51D78D4}.Debug|Any CPU.ActiveCfg = Debug|Any CPU
		{FA67FBBF-932A-421E-AC4E-3301E51D78D4}.Debug|Any CPU.Build.0 = Debug|Any CPU
		{FA67FBBF-932A-421E-AC4E-3301E51D78D4}.Release|Any CPU.ActiveCfg = Release|Any CPU
		{FA67FBBF-932A-421E-AC4E-3301E51D78D4}.Release|Any CPU.Build.0 = Release|Any CPU
		{3AF2F479-E93F-4AD1-B96F-333F7DD949FD}.Debug|Any CPU.ActiveCfg = Debug|Any CPU
		{3AF2F479-E93F-4AD1-B96F-333F7DD949FD}.Debug|Any CPU.Build.0 = Debug|Any CPU
		{3AF2F479-E93F-4AD1-B96F-333F7DD949FD}.Release|Any CPU.ActiveCfg = Release|Any CPU
		{3AF2F479-E93F-4AD1-B96F-333F7DD949FD}.Release|Any CPU.Build.0 = Release|Any CPU
		{F4B146DD-847F-4A4F-833F-A73E8990B4E1}.Debug|Any CPU.ActiveCfg = Debug|Any CPU
		{F4B146DD-847F-4A4F-833F-A73E8990B4E1}.Debug|Any CPU.Build.0 = Debug|Any CPU
		{F4B146DD-847F-4A4F-833F-A73E8990B4E1}.Release|Any CPU.ActiveCfg = Release|Any CPU
		{F4B146DD-847F-4A4F-833F-A73E8990B4E1}.Release|Any CPU.Build.0 = Release|Any CPU
		{E73CD77A-5CE7-41E6-9978-12CD1AD99274}.Debug|Any CPU.ActiveCfg = Debug|Any CPU
		{E73CD77A-5CE7-41E6-9978-12CD1AD99274}.Debug|Any CPU.Build.0 = Debug|Any CPU
		{E73CD77A-5CE7-41E6-9978-12CD1AD99274}.Release|Any CPU.ActiveCfg = Release|Any CPU
		{E73CD77A-5CE7-41E6-9978-12CD1AD99274}.Release|Any CPU.Build.0 = Release|Any CPU
		{14C522DC-81F0-46D5-9371-1C0A7933B6FE}.Debug|Any CPU.ActiveCfg = Debug|Any CPU
		{14C522DC-81F0-46D5-9371-1C0A7933B6FE}.Debug|Any CPU.Build.0 = Debug|Any CPU
		{14C522DC-81F0-46D5-9371-1C0A7933B6FE}.Release|Any CPU.ActiveCfg = Release|Any CPU
		{14C522DC-81F0-46D5-9371-1C0A7933B6FE}.Release|Any CPU.Build.0 = Release|Any CPU
		{03FA1355-FEFD-44EC-B23F-985BFDB42F5D}.Debug|Any CPU.ActiveCfg = Debug|Any CPU
		{03FA1355-FEFD-44EC-B23F-985BFDB42F5D}.Debug|Any CPU.Build.0 = Debug|Any CPU
		{03FA1355-FEFD-44EC-B23F-985BFDB42F5D}.Release|Any CPU.ActiveCfg = Release|Any CPU
		{03FA1355-FEFD-44EC-B23F-985BFDB42F5D}.Release|Any CPU.Build.0 = Release|Any CPU
		{D9E9AC46-85E1-4754-84C2-1A51835FFF21}.Debug|Any CPU.ActiveCfg = Debug|Any CPU
		{D9E9AC46-85E1-4754-84C2-1A51835FFF21}.Debug|Any CPU.Build.0 = Debug|Any CPU
		{D9E9AC46-85E1-4754-84C2-1A51835FFF21}.Release|Any CPU.ActiveCfg = Release|Any CPU
		{D9E9AC46-85E1-4754-84C2-1A51835FFF21}.Release|Any CPU.Build.0 = Release|Any CPU
	EndGlobalSection
	GlobalSection(SolutionProperties) = preSolution
		HideSolutionNode = FALSE
	EndGlobalSection
	GlobalSection(ExtensibilityGlobals) = postSolution
		SolutionGuid = {58FF8848-F510-4613-AFD8-0CF89C96F85D}
	EndGlobalSection
EndGlobal
